$begin 'ConnectionParameters'
	DesktopProcessID=1412
	DesktopProcessPath='C:\\Program Files\\Ansoft\\Maxwell15.0\\Win64\\maxwell.exe'
	LaunchedByWB=false
	$begin 'DesktopStubBlock'
		$begin 'CommDetails'
			TransportType=1
			IPAddress='192.168.56.1'
			ListenPort='56634'
		$end 'CommDetails'
		$begin 'Marshall'
			InstanceID=503
			ProcID=1412
			InterfaceID=1
			FactoryIntID='DesktopInterfaceForWBProxyStubFactory'
		$end 'Marshall'
	$end 'DesktopStubBlock'
	$begin 'DesktopBackgroundObjStubBlock'
		$begin 'CommDetails'
			TransportType=1
			IPAddress='192.168.56.1'
			ListenPort='56634'
		$end 'CommDetails'
		$begin 'Marshall'
			InstanceID=505
			ProcID=1412
			InterfaceID=2
			FactoryIntID='DesktopInterfaceForWBProxyStubFactory'
		$end 'Marshall'
	$end 'DesktopBackgroundObjStubBlock'
$end 'ConnectionParameters'
